// !$*UTF8*$!
{
	archiveVersion = 1;
	classes = {
	};
	objectVersion = 56;
	objects = {

/* Begin PBXBuildFile section */
		BD9D1FF82B14B11D00A711EB /* AppDelegate.swift in Sources */ = {isa = PBXBuildFile; fileRef = BD9D1FF72B14B11D00A711EB /* AppDelegate.swift */; };
		BD9D20012B14B12000A711EB /* Assets.xcassets in Resources */ = {isa = PBXBuildFile; fileRef = BD9D20002B14B12000A711EB /* Assets.xcassets */; };
		BD9D20042B14B12000A711EB /* LaunchScreen.storyboard in Resources */ = {isa = PBXBuildFile; fileRef = BD9D20022B14B12000A711EB /* LaunchScreen.storyboard */; };
		BD9D200D2B14B16300A711EB /* Endpoint.swift in Sources */ = {isa = PBXBuildFile; fileRef = BD9D200C2B14B16300A711EB /* Endpoint.swift */; };
		BD9D200F2B14B1A800A711EB /* JokesAppEndpoint.swift in Sources */ = {isa = PBXBuildFile; fileRef = BD9D200E2B14B1A800A711EB /* JokesAppEndpoint.swift */; };
		BD9D20112B14B21200A711EB /* NetworkEngine.swift in Sources */ = {isa = PBXBuildFile; fileRef = BD9D20102B14B21200A711EB /* NetworkEngine.swift */; };
		BD9D20132B14B4B900A711EB /* JokeModel.swift in Sources */ = {isa = PBXBuildFile; fileRef = BD9D20122B14B4B900A711EB /* JokeModel.swift */; };
		BD9D20162B14B55600A711EB /* FlowContainer.swift in Sources */ = {isa = PBXBuildFile; fileRef = BD9D20152B14B55600A711EB /* FlowContainer.swift */; };
		BD9D20192B14B58D00A711EB /* ViewController.swift in Sources */ = {isa = PBXBuildFile; fileRef = BD9D20182B14B58D00A711EB /* ViewController.swift */; };
		BD9D201B2B14B59300A711EB /* ViewModel.swift in Sources */ = {isa = PBXBuildFile; fileRef = BD9D201A2B14B59300A711EB /* ViewModel.swift */; };
		BD9D201D2B14B75500A711EB /* FlowViewmodel.swift in Sources */ = {isa = PBXBuildFile; fileRef = BD9D201C2B14B75500A711EB /* FlowViewmodel.swift */; };
/* End PBXBuildFile section */

/* Begin PBXFileReference section */
		BD9D1FF42B14B11D00A711EB /* JokesApi.app */ = {isa = PBXFileReference; explicitFileType = wrapper.application; includeInIndex = 0; path = JokesApi.app; sourceTree = BUILT_PRODUCTS_DIR; };
		BD9D1FF72B14B11D00A711EB /* AppDelegate.swift */ = {isa = PBXFileReference; lastKnownFileType = sourcecode.swift; path = AppDelegate.swift; sourceTree = "<group>"; };
		BD9D20002B14B12000A711EB /* Assets.xcassets */ = {isa = PBXFileReference; lastKnownFileType = folder.assetcatalog; path = Assets.xcassets; sourceTree = "<group>"; };
		BD9D20032B14B12000A711EB /* Base */ = {isa = PBXFileReference; lastKnownFileType = file.storyboard; name = Base; path = Base.lproj/LaunchScreen.storyboard; sourceTree = "<group>"; };
		BD9D20052B14B12000A711EB /* Info.plist */ = {isa = PBXFileReference; lastKnownFileType = text.plist.xml; path = Info.plist; sourceTree = "<group>"; };
		BD9D200C2B14B16300A711EB /* Endpoint.swift */ = {isa = PBXFileReference; lastKnownFileType = sourcecode.swift; path = Endpoint.swift; sourceTree = "<group>"; };
		BD9D200E2B14B1A800A711EB /* JokesAppEndpoint.swift */ = {isa = PBXFileReference; lastKnownFileType = sourcecode.swift; path = JokesAppEndpoint.swift; sourceTree = "<group>"; };
		BD9D20102B14B21200A711EB /* NetworkEngine.swift */ = {isa = PBXFileReference; lastKnownFileType = sourcecode.swift; path = NetworkEngine.swift; sourceTree = "<group>"; };
		BD9D20122B14B4B900A711EB /* JokeModel.swift */ = {isa = PBXFileReference; lastKnownFileType = sourcecode.swift; path = JokeModel.swift; sourceTree = "<group>"; };
		BD9D20152B14B55600A711EB /* FlowContainer.swift */ = {isa = PBXFileReference; lastKnownFileType = sourcecode.swift; path = FlowContainer.swift; sourceTree = "<group>"; };
		BD9D20182B14B58D00A711EB /* ViewController.swift */ = {isa = PBXFileReference; lastKnownFileType = sourcecode.swift; path = ViewController.swift; sourceTree = "<group>"; };
		BD9D201A2B14B59300A711EB /* ViewModel.swift */ = {isa = PBXFileReference; lastKnownFileType = sourcecode.swift; path = ViewModel.swift; sourceTree = "<group>"; };
		BD9D201C2B14B75500A711EB /* FlowViewmodel.swift */ = {isa = PBXFileReference; lastKnownFileType = sourcecode.swift; path = FlowViewmodel.swift; sourceTree = "<group>"; };
/* End PBXFileReference section */

/* Begin PBXFrameworksBuildPhase section */
		BD9D1FF12B14B11D00A711EB /* Frameworks */ = {
			isa = PBXFrameworksBuildPhase;
			buildActionMask = 2147483647;
			files = (
			);
			runOnlyForDeploymentPostprocessing = 0;
		};
/* End PBXFrameworksBuildPhase section */

/* Begin PBXGroup section */
		BD9D1FEB2B14B11D00A711EB = {
			isa = PBXGroup;
			children = (
				BD9D1FF62B14B11D00A711EB /* JokesApi */,
				BD9D1FF52B14B11D00A711EB /* Products */,
			);
			sourceTree = "<group>";
		};
		BD9D1FF52B14B11D00A711EB /* Products */ = {
			isa = PBXGroup;
			children = (
				BD9D1FF42B14B11D00A711EB /* JokesApi.app */,
			);
			name = Products;
			sourceTree = "<group>";
		};
		BD9D1FF62B14B11D00A711EB /* JokesApi */ = {
			isa = PBXGroup;
			children = (
				BD9D20172B14B58000A711EB /* ViewController */,
				BD9D20142B14B54D00A711EB /* FlowContainer */,
				BD9D200B2B14B15600A711EB /* Networking */,
				BD9D1FF72B14B11D00A711EB /* AppDelegate.swift */,
				BD9D20002B14B12000A711EB /* Assets.xcassets */,
				BD9D20022B14B12000A711EB /* LaunchScreen.storyboard */,
				BD9D20052B14B12000A711EB /* Info.plist */,
			);
			path = JokesApi;
			sourceTree = "<group>";
		};
		BD9D200B2B14B15600A711EB /* Networking */ = {
			isa = PBXGroup;
			children = (
				BD9D200C2B14B16300A711EB /* Endpoint.swift */,
				BD9D200E2B14B1A800A711EB /* JokesAppEndpoint.swift */,
				BD9D20102B14B21200A711EB /* NetworkEngine.swift */,
				BD9D20122B14B4B900A711EB /* JokeModel.swift */,
			);
			path = Networking;
			sourceTree = "<group>";
		};
		BD9D20142B14B54D00A711EB /* FlowContainer */ = {
			isa = PBXGroup;
			children = (
				BD9D20152B14B55600A711EB /* FlowContainer.swift */,
				BD9D201C2B14B75500A711EB /* FlowViewmodel.swift */,
			);
			path = FlowContainer;
			sourceTree = "<group>";
		};
		BD9D20172B14B58000A711EB /* ViewController */ = {
			isa = PBXGroup;
			children = (
				BD9D20182B14B58D00A711EB /* ViewController.swift */,
				BD9D201A2B14B59300A711EB /* ViewModel.swift */,
			);
			path = ViewController;
			sourceTree = "<group>";
		};
/* End PBXGroup section */

/* Begin PBXNativeTarget section */
		BD9D1FF32B14B11D00A711EB /* JokesApi */ = {
			isa = PBXNativeTarget;
			buildConfigurationList = BD9D20082B14B12000A711EB /* Build configuration list for PBXNativeTarget "JokesApi" */;
			buildPhases = (
				BD9D1FF02B14B11D00A711EB /* Sources */,
				BD9D1FF12B14B11D00A711EB /* Frameworks */,
				BD9D1FF22B14B11D00A711EB /* Resources */,
			);
			buildRules = (
			);
			dependencies = (
			);
			name = JokesApi;
			productName = JokesApi;
			productReference = BD9D1FF42B14B11D00A711EB /* JokesApi.app */;
			productType = "com.apple.product-type.application";
		};
/* End PBXNativeTarget section */

/* Begin PBXProject section */
		BD9D1FEC2B14B11D00A711EB /* Project object */ = {
			isa = PBXProject;
			attributes = {
				BuildIndependentTargetsInParallel = 1;
				LastSwiftUpdateCheck = 1410;
				LastUpgradeCheck = 1410;
				TargetAttributes = {
					BD9D1FF32B14B11D00A711EB = {
						CreatedOnToolsVersion = 14.1;
					};
				};
			};
			buildConfigurationList = BD9D1FEF2B14B11D00A711EB /* Build configuration list for PBXProject "JokesApi" */;
			compatibilityVersion = "Xcode 14.0";
			developmentRegion = en;
			hasScannedForEncodings = 0;
			knownRegions = (
				en,
				Base,
			);
			mainGroup = BD9D1FEB2B14B11D00A711EB;
			productRefGroup = BD9D1FF52B14B11D00A711EB /* Products */;
			projectDirPath = "";
			projectRoot = "";
			targets = (
				BD9D1FF32B14B11D00A711EB /* JokesApi */,
			);
		};
/* End PBXProject section */

/* Begin PBXResourcesBuildPhase section */
		BD9D1FF22B14B11D00A711EB /* Resources */ = {
			isa = PBXResourcesBuildPhase;
			buildActionMask = 2147483647;
			files = (
				BD9D20042B14B12000A711EB /* LaunchScreen.storyboard in Resources */,
				BD9D20012B14B12000A711EB /* Assets.xcassets in Resources */,
			);
			runOnlyForDeploymentPostprocessing = 0;
		};
/* End PBXResourcesBuildPhase section */

/* Begin PBXSourcesBuildPhase section */
		BD9D1FF02B14B11D00A711EB /* Sources */ = {
			isa = PBXSourcesBuildPhase;
			buildActionMask = 2147483647;
			files = (
				BD9D201B2B14B59300A711EB /* ViewModel.swift in Sources */,
				BD9D20132B14B4B900A711EB /* JokeModel.swift in Sources */,
				BD9D20162B14B55600A711EB /* FlowContainer.swift in Sources */,
				BD9D201D2B14B75500A711EB /* FlowViewmodel.swift in Sources */,
				BD9D20112B14B21200A711EB /* NetworkEngine.swift in Sources */,
				BD9D200D2B14B16300A711EB /* Endpoint.swift in Sources */,
				BD9D1FF82B14B11D00A711EB /* AppDelegate.swift in Sources */,
				BD9D20192B14B58D00A711EB /* ViewController.swift in Sources */,
				BD9D200F2B14B1A800A711EB /* JokesAppEndpoint.swift in Sources */,
			);
			runOnlyForDeploymentPostprocessing = 0;
		};
/* End PBXSourcesBuildPhase section */

/* Begin PBXVariantGroup section */
		BD9D20022B14B12000A711EB /* LaunchScreen.storyboard */ = {
			isa = PBXVariantGroup;
			children = (
				BD9D20032B14B12000A711EB /* Base */,
			);
			name = LaunchScreen.storyboard;
			sourceTree = "<group>";
		};
/* End PBXVariantGroup section */

/* Begin XCBuildConfiguration section */
		BD9D20062B14B12000A711EB /* Debug */ = {
			isa = XCBuildConfiguration;
			buildSettings = {
				ALWAYS_SEARCH_USER_PATHS = NO;
				CLANG_ANALYZER_NONNULL = YES;
				CLANG_ANALYZER_NUMBER_OBJECT_CONVERSION = YES_AGGRESSIVE;
				CLANG_CXX_LANGUAGE_STANDARD = "gnu++20";
				CLANG_ENABLE_MODULES = YES;
				CLANG_ENABLE_OBJC_ARC = YES;
				CLANG_ENABLE_OBJC_WEAK = YES;
				CLANG_WARN_BLOCK_CAPTURE_AUTORELEASING = YES;
				CLANG_WARN_BOOL_CONVERSION = YES;
				CLANG_WARN_COMMA = YES;
				CLANG_WARN_CONSTANT_CONVERSION = YES;
				CLANG_WARN_DEPRECATED_OBJC_IMPLEMENTATIONS = YES;
				CLANG_WARN_DIRECT_OBJC_ISA_USAGE = YES_ERROR;
				CLANG_WARN_DOCUMENTATION_COMMENTS = YES;
				CLANG_WARN_EMPTY_BODY = YES;
				CLANG_WARN_ENUM_CONVERSION = YES;
				CLANG_WARN_INFINITE_RECURSION = YES;
				CLANG_WARN_INT_CONVERSION = YES;
				CLANG_WARN_NON_LITERAL_NULL_CONVERSION = YES;
				CLANG_WARN_OBJC_IMPLICIT_RETAIN_SELF = YES;
				CLANG_WARN_OBJC_LITERAL_CONVERSION = YES;
				CLANG_WARN_OBJC_ROOT_CLASS = YES_ERROR;
				CLANG_WARN_QUOTED_INCLUDE_IN_FRAMEWORK_HEADER = YES;
				CLANG_WARN_RANGE_LOOP_ANALYSIS = YES;
				CLANG_WARN_STRICT_PROTOTYPES = YES;
				CLANG_WARN_SUSPICIOUS_MOVE = YES;
				CLANG_WARN_UNGUARDED_AVAILABILITY = YES_AGGRESSIVE;
				CLANG_WARN_UNREACHABLE_CODE = YES;
				CLANG_WARN__DUPLICATE_METHOD_MATCH = YES;
				COPY_PHASE_STRIP = NO;
				DEBUG_INFORMATION_FORMAT = dwarf;
				ENABLE_STRICT_OBJC_MSGSEND = YES;
				ENABLE_TESTABILITY = YES;
				GCC_C_LANGUAGE_STANDARD = gnu11;
				GCC_DYNAMIC_NO_PIC = NO;
				GCC_NO_COMMON_BLOCKS = YES;
				GCC_OPTIMIZATION_LEVEL = 0;
				GCC_PREPROCESSOR_DEFINITIONS = (
					"DEBUG=1",
					"$(inherited)",
				);
				GCC_WARN_64_TO_32_BIT_CONVERSION = YES;
				GCC_WARN_ABOUT_RETURN_TYPE = YES_ERROR;
				GCC_WARN_UNDECLARED_SELECTOR = YES;
				GCC_WARN_UNINITIALIZED_AUTOS = YES_AGGRESSIVE;
				GCC_WARN_UNUSED_FUNCTION = YES;
				GCC_WARN_UNUSED_VARIABLE = YES;
				IPHONEOS_DEPLOYMENT_TARGET = 16.1;
				MTL_ENABLE_DEBUG_INFO = INCLUDE_SOURCE;
				MTL_FAST_MATH = YES;
				ONLY_ACTIVE_ARCH = YES;
				SDKROOT = iphoneos;
				SWIFT_ACTIVE_COMPILATION_CONDITIONS = DEBUG;
				SWIFT_OPTIMIZATION_LEVEL = "-Onone";
			};
			name = Debug;
		};
		BD9D20072B14B12000A711EB /* Release */ = {
			isa = XCBuildConfiguration;
			buildSettings = {
				ALWAYS_SEARCH_USER_PATHS = NO;
				CLANG_ANALYZER_NONNULL = YES;
				CLANG_ANALYZER_NUMBER_OBJECT_CONVERSION = YES_AGGRESSIVE;
				CLANG_CXX_LANGUAGE_STANDARD = "gnu++20";
				CLANG_ENABLE_MODULES = YES;
				CLANG_ENABLE_OBJC_ARC = YES;
				CLANG_ENABLE_OBJC_WEAK = YES;
				CLANG_WARN_BLOCK_CAPTURE_AUTORELEASING = YES;
				CLANG_WARN_BOOL_CONVERSION = YES;
				CLANG_WARN_COMMA = YES;
				CLANG_WARN_CONSTANT_CONVERSION = YES;
				CLANG_WARN_DEPRECATED_OBJC_IMPLEMENTATIONS = YES;
				CLANG_WARN_DIRECT_OBJC_ISA_USAGE = YES_ERROR;
				CLANG_WARN_DOCUMENTATION_COMMENTS = YES;
				CLANG_WARN_EMPTY_BODY = YES;
				CLANG_WARN_ENUM_CONVERSION = YES;
				CLANG_WARN_INFINITE_RECURSION = YES;
				CLANG_WARN_INT_CONVERSION = YES;
				CLANG_WARN_NON_LITERAL_NULL_CONVERSION = YES;
				CLANG_WARN_OBJC_IMPLICIT_RETAIN_SELF = YES;
				CLANG_WARN_OBJC_LITERAL_CONVERSION = YES;
				CLANG_WARN_OBJC_ROOT_CLASS = YES_ERROR;
				CLANG_WARN_QUOTED_INCLUDE_IN_FRAMEWORK_HEADER = YES;
				CLANG_WARN_RANGE_LOOP_ANALYSIS = YES;
				CLANG_WARN_STRICT_PROTOTYPES = YES;
				CLANG_WARN_SUSPICIOUS_MOVE = YES;
				CLANG_WARN_UNGUARDED_AVAILABILITY = YES_AGGRESSIVE;
				CLANG_WARN_UNREACHABLE_CODE = YES;
				CLANG_WARN__DUPLICATE_METHOD_MATCH = YES;
				COPY_PHASE_STRIP = NO;
				DEBUG_INFORMATION_FORMAT = "dwarf-with-dsym";
				ENABLE_NS_ASSERTIONS = NO;
				ENABLE_STRICT_OBJC_MSGSEND = YES;
				GCC_C_LANGUAGE_STANDARD = gnu11;
				GCC_NO_COMMON_BLOCKS = YES;
				GCC_WARN_64_TO_32_BIT_CONVERSION = YES;
				GCC_WARN_ABOUT_RETURN_TYPE = YES_ERROR;
				GCC_WARN_UNDECLARED_SELECTOR = YES;
				GCC_WARN_UNINITIALIZED_AUTOS = YES_AGGRESSIVE;
				GCC_WARN_UNUSED_FUNCTION = YES;
				GCC_WARN_UNUSED_VARIABLE = YES;
				IPHONEOS_DEPLOYMENT_TARGET = 16.1;
				MTL_ENABLE_DEBUG_INFO = NO;
				MTL_FAST_MATH = YES;
				SDKROOT = iphoneos;
				SWIFT_COMPILATION_MODE = wholemodule;
				SWIFT_OPTIMIZATION_LEVEL = "-O";
				VALIDATE_PRODUCT = YES;
			};
			name = Release;
		};
		BD9D20092B14B12000A711EB /* Debug */ = {
			isa = XCBuildConfiguration;
			buildSettings = {
				ASSETCATALOG_COMPILER_APPICON_NAME = AppIcon;
				ASSETCATALOG_COMPILER_GLOBAL_ACCENT_COLOR_NAME = AccentColor;
				CODE_SIGN_STYLE = Automatic;
				CURRENT_PROJECT_VERSION = 1;
				GENERATE_INFOPLIST_FILE = YES;
				INFOPLIST_FILE = JokesApi/Info.plist;
				INFOPLIST_KEY_UIApplicationSupportsIndirectInputEvents = YES;
				INFOPLIST_KEY_UILaunchStoryboardName = LaunchScreen;
				INFOPLIST_KEY_UISupportedInterfaceOrientations_iPad = "UIInterfaceOrientationPortrait UIInterfaceOrientationPortraitUpsideDown UIInterfaceOrientationLandscapeLeft UIInterfaceOrientationLandscapeRight";
				INFOPLIST_KEY_UISupportedInterfaceOrientations_iPhone = "UIInterfaceOrientationPortrait UIInterfaceOrientationLandscapeLeft UIInterfaceOrientationLandscapeRight";
				LD_RUNPATH_SEARCH_PATHS = (
					"$(inherited)",
					"@executable_path/Frameworks",
				);
				MARKETING_VERSION = 1.0;
				PRODUCT_BUNDLE_IDENTIFIER = com.dhaval.JokesApi;
				PRODUCT_NAME = "$(TARGET_NAME)";
				SWIFT_EMIT_LOC_STRINGS = YES;
				SWIFT_VERSION = 5.0;
				TARGETED_DEVICE_FAMILY = "1,2";
			};
			name = Debug;
		};
		BD9D200A2B14B12000A711EB /* Release */ = {
			isa = XCBuildConfiguration;
			buildSettings = {
				ASSETCATALOG_COMPILER_APPICON_NAME = AppIcon;
				ASSETCATALOG_COMPILER_GLOBAL_ACCENT_COLOR_NAME = AccentColor;
				CODE_SIGN_STYLE = Automatic;
				CURRENT_PROJECT_VERSION = 1;
				GENERATE_INFOPLIST_FILE = YES;
				INFOPLIST_FILE = JokesApi/Info.plist;
				INFOPLIST_KEY_UIApplicationSupportsIndirectInputEvents = YES;
				INFOPLIST_KEY_UILaunchStoryboardName = LaunchScreen;
				INFOPLIST_KEY_UISupportedInterfaceOrientations_iPad = "UIInterfaceOrientationPortrait UIInterfaceOrientationPortraitUpsideDown UIInterfaceOrientationLandscapeLeft UIInterfaceOrientationLandscapeRight";
				INFOPLIST_KEY_UISupportedInterfaceOrientations_iPhone = "UIInterfaceOrientationPortrait UIInterfaceOrientationLandscapeLeft UIInterfaceOrientationLandscapeRight";
				LD_RUNPATH_SEARCH_PATHS = (
					"$(inherited)",
					"@executable_path/Frameworks",
				);
				MARKETING_VERSION = 1.0;
				PRODUCT_BUNDLE_IDENTIFIER = com.dhaval.JokesApi;
				PRODUCT_NAME = "$(TARGET_NAME)";
				SWIFT_EMIT_LOC_STRINGS = YES;
				SWIFT_VERSION = 5.0;
				TARGETED_DEVICE_FAMILY = "1,2";
			};
			name = Release;
		};
/* End XCBuildConfiguration section */

/* Begin XCConfigurationList section */
		BD9D1FEF2B14B11D00A711EB /* Build configuration list for PBXProject "JokesApi" */ = {
			isa = XCConfigurationList;
			buildConfigurations = (
				BD9D20062B14B12000A711EB /* Debug */,
				BD9D20072B14B12000A711EB /* Release */,
			);
			defaultConfigurationIsVisible = 0;
			defaultConfigurationName = Release;
		};
		BD9D20082B14B12000A711EB /* Build configuration list for PBXNativeTarget "JokesApi" */ = {
			isa = XCConfigurationList;
			buildConfigurations = (
				BD9D20092B14B12000A711EB /* Debug */,
				BD9D200A2B14B12000A711EB /* Release */,
			);
			defaultConfigurationIsVisible = 0;
			defaultConfigurationName = Release;
		};
/* End XCConfigurationList section */
	};
	rootObject = BD9D1FEC2B14B11D00A711EB /* Project object */;
}
